
Microsoft Visual Studio Solution File, Format Version 12.00
# Visual Studio Version 17
VisualStudioVersion = 17.8.34330.188
MinimumVisualStudioVersion = 10.0.40219.1
Project("{9A19103F-16F7-4668-BE54-9A1E7A4F7556}") = "MontyHall", "MontyHall\MontyHall.csproj", "{614633D5-E403-41CC-946E-B494D8CD1BAF}"
EndProject
Project("{FAE04EC0-301F-11D3-BF4B-00C04F79EFBC}") = "MontyHall.Test", "MontyHall.Test\MontyHall.Test.csproj", "{6F90F063-E8D0-4515-8995-062A4285CF50}"
EndProject
Global
	GlobalSection(SolutionConfigurationPlatforms) = preSolution
		Debug|Any CPU = Debug|Any CPU
		Release|Any CPU = Release|Any CPU
	EndGlobalSection
	GlobalSection(ProjectConfigurationPlatforms) = postSolution
		{614633D5-E403-41CC-946E-B494D8CD1BAF}.Debug|Any CPU.ActiveCfg = Debug|Any CPU
		{614633D5-E403-41CC-946E-B494D8CD1BAF}.Debug|Any CPU.Build.0 = Debug|Any CPU
		{614633D5-E403-41CC-946E-B494D8CD1BAF}.Release|Any CPU.ActiveCfg = Release|Any CPU
		{614633D5-E403-41CC-946E-B494D8CD1BAF}.Release|Any CPU.Build.0 = Release|Any CPU
		{6F90F063-E8D0-4515-8995-062A4285CF50}.Debug|Any CPU.ActiveCfg = Debug|Any CPU
		{6F90F063-E8D0-4515-8995-062A4285CF50}.Debug|Any CPU.Build.0 = Debug|Any CPU
		{6F90F063-E8D0-4515-8995-062A4285CF50}.Release|Any CPU.ActiveCfg = Release|Any CPU
		{6F90F063-E8D0-4515-8995-062A4285CF50}.Release|Any CPU.Build.0 = Release|Any CPU
	EndGlobalSection
	GlobalSection(SolutionProperties) = preSolution
		HideSolutionNode = FALSE
	EndGlobalSection
	GlobalSection(ExtensibilityGlobals) = postSolution
		SolutionGuid = {C3EFD62F-0733-4399-B662-FF1C6A4D72DB}
	EndGlobalSection
EndGlobal
